# This is a Gradle generated file for dependency locking.
# Manual edits can break the build and are not advised.
# This file is expected to be part of source control.
# To regenerate this file, run: ./gradlew :dependencies --write-locks
biz.aQute.bnd:biz.aQute.bnd.annotation:7.1.0=compileClasspath
com.dua3.utility:utility-bom:23.1.2=compileClasspath,runtimeClasspath
com.dua3.utility:utility-fx-controls:23.1.2=compileClasspath,runtimeClasspath
com.dua3.utility:utility-fx-icons:23.1.2=runtimeClasspath
com.dua3.utility:utility-fx:23.1.2=compileClasspath,runtimeClasspath
com.dua3.utility:utility:23.1.2=compileClasspath,runtimeClasspath
com.github.joniles:rtfparserkit:1.16.0=runtimeClasspath
com.google.errorprone:error_prone_annotations:2.38.0=compileClasspath
io.github.mkpaz:atlantafx-base:2.1.0=compileClasspath,runtimeClasspath
org.apache.logging.log4j:log4j-api:2.26.1=compileClasspath,runtimeClasspath
org.apache.logging.log4j:log4j-bom:2.26.1=compileClasspath,runtimeClasspath
org.bouncycastle:bcpkix-jdk18on:1.85=compileClasspath,runtimeClasspath
org.bouncycastle:bcprov-jdk18on:1.85=compileClasspath,runtimeClasspath
org.bouncycastle:bcutil-jdk18on:1.85=compileClasspath,runtimeClasspath
org.jspecify:jspecify:1.0.1=compileClasspath,runtimeClasspath
org.kordamp.ikonli:ikonli-core:12.4.0=runtimeClasspath
org.kordamp.ikonli:ikonli-feather-pack:12.4.0=runtimeClasspath
org.openjfx:javafx-base:23=compileClasspath,runtimeClasspath
org.openjfx:javafx-controls:23=compileClasspath,runtimeClasspath
org.openjfx:javafx-graphics:23=compileClasspath,runtimeClasspath
org.osgi:org.osgi.annotation.bundle:2.0.0=compileClasspath
org.osgi:org.osgi.annotation.versioning:1.1.2=compileClasspath
org.osgi:org.osgi.resource:1.0.0=compileClasspath
org.osgi:org.osgi.service.serviceloader:1.0.0=compileClasspath
org.slb4j:slb4j:0.12.3=compileClasspath,runtimeClasspath
empty=annotationProcessor
